
Microsoft Visual Studio Solution File, Format Version 12.00
# Visual Studio 15
VisualStudioVersion = 15.0.27703.2000
MinimumVisualStudioVersion = 10.0.40219.1
Project("{FAE04EC0-301F-11D3-BF4B-00C04F79EFBC}") = "SecretSanta", "SecretSanta\SecretSanta.csproj", "{7597A80D-CE9B-400F-8B9C-0EC9E4127A99}"
EndProject
Global
	GlobalSection(SolutionConfigurationPlatforms) = preSolution
		Debug|Any CPU = Debug|Any CPU
		Release|Any CPU = Release|Any CPU
	EndGlobalSection
	GlobalSection(ProjectConfigurationPlatforms) = postSolution
		{7597A80D-CE9B-400F-8B9C-0EC9E4127A99}.Debug|Any CPU.ActiveCfg = Debug|Any CPU
		{7597A80D-CE9B-400F-8B9C-0EC9E4127A99}.Debug|Any CPU.Build.0 = Debug|Any CPU
		{7597A80D-CE9B-400F-8B9C-0EC9E4127A99}.Release|Any CPU.ActiveCfg = Release|Any CPU
		{7597A80D-CE9B-400F-8B9C-0EC9E4127A99}.Release|Any CPU.Build.0 = Release|Any CPU
	EndGlobalSection
	GlobalSection(SolutionProperties) = preSolution
		HideSolutionNode = FALSE
	EndGlobalSection
	GlobalSection(ExtensibilityGlobals) = postSolution
		SolutionGuid = {8253F099-B310-4703-90D5-09307DD54832}
	EndGlobalSection
EndGlobal
